
Microsoft Visual Studio Solution File, Format Version 12.00
# Visual Studio Version 16
VisualStudioVersion = 16.0.32510.428
MinimumVisualStudioVersion = 10.0.40219.1
Project("{FAE04EC0-301F-11D3-BF4B-00C04F79EFBC}") = "ToDoListWebAppTests", "ToDoListWebApp\ToDoListWebAppTests.csproj", "{3887F6FD-D308-4D9A-A69A-FC11A700A531}"
EndProject
Project("{2150E333-8FDC-42A3-9474-1A3956D46DE8}") = "Tests", "Tests", "{A4CB4090-B94F-4974-8B31-D573CA2692D2}"
EndProject
Project("{2150E333-8FDC-42A3-9474-1A3956D46DE8}") = "ProductModel", "ProductModel", "{D65764D7-B9FC-4BBA-88D9-E56C628D6944}"
EndProject
Project("{2150E333-8FDC-42A3-9474-1A3956D46DE8}") = "Logger", "Logger", "{7AF13C87-1C75-4177-8E58-EE716BA80C45}"
EndProject
Project("{2150E333-8FDC-42A3-9474-1A3956D46DE8}") = "Utilities", "Utilities", "{501DC443-1E38-404D-BAC4-1923F1C8C2FB}"
EndProject
Project("{2150E333-8FDC-42A3-9474-1A3956D46DE8}") = "DataModel", "DataModel", "{84CD2AD7-FD20-4794-A447-46207DD85D24}"
EndProject
Project("{FAE04EC0-301F-11D3-BF4B-00C04F79EFBC}") = "ToDoListWebAppPages", "ToDoListWebAppPages\ToDoListWebAppPages.csproj", "{5F9857A8-386C-4278-BD71-2EBDEF02F638}"
EndProject
Project("{FAE04EC0-301F-11D3-BF4B-00C04F79EFBC}") = "ExtentLogger", "ExtentLogger\ExtentLogger.csproj", "{A12E057C-123C-477E-9518-072FD49B2A96}"
EndProject
Project("{FAE04EC0-301F-11D3-BF4B-00C04F79EFBC}") = "ToDoListWebAppHelpers", "ToDoListWebAppHelpers\ToDoListWebAppHelpers.csproj", "{E46D86EC-AC61-43DD-9714-808F632B3EB8}"
EndProject
Project("{FAE04EC0-301F-11D3-BF4B-00C04F79EFBC}") = "ToDoListWebAppData", "ToDoListWebAppData\ToDoListWebAppData.csproj", "{F5142770-67BA-41DE-A7C4-91BB0A6617C5}"
EndProject
Global
	GlobalSection(SolutionConfigurationPlatforms) = preSolution
		Debug|Any CPU = Debug|Any CPU
		Release|Any CPU = Release|Any CPU
	EndGlobalSection
	GlobalSection(ProjectConfigurationPlatforms) = postSolution
		{3887F6FD-D308-4D9A-A69A-FC11A700A531}.Debug|Any CPU.ActiveCfg = Debug|Any CPU
		{3887F6FD-D308-4D9A-A69A-FC11A700A531}.Debug|Any CPU.Build.0 = Debug|Any CPU
		{3887F6FD-D308-4D9A-A69A-FC11A700A531}.Release|Any CPU.ActiveCfg = Release|Any CPU
		{3887F6FD-D308-4D9A-A69A-FC11A700A531}.Release|Any CPU.Build.0 = Release|Any CPU
		{5F9857A8-386C-4278-BD71-2EBDEF02F638}.Debug|Any CPU.ActiveCfg = Debug|Any CPU
		{5F9857A8-386C-4278-BD71-2EBDEF02F638}.Debug|Any CPU.Build.0 = Debug|Any CPU
		{5F9857A8-386C-4278-BD71-2EBDEF02F638}.Release|Any CPU.ActiveCfg = Release|Any CPU
		{5F9857A8-386C-4278-BD71-2EBDEF02F638}.Release|Any CPU.Build.0 = Release|Any CPU
		{A12E057C-123C-477E-9518-072FD49B2A96}.Debug|Any CPU.ActiveCfg = Debug|Any CPU
		{A12E057C-123C-477E-9518-072FD49B2A96}.Debug|Any CPU.Build.0 = Debug|Any CPU
		{A12E057C-123C-477E-9518-072FD49B2A96}.Release|Any CPU.ActiveCfg = Release|Any CPU
		{A12E057C-123C-477E-9518-072FD49B2A96}.Release|Any CPU.Build.0 = Release|Any CPU
		{E46D86EC-AC61-43DD-9714-808F632B3EB8}.Debug|Any CPU.ActiveCfg = Debug|Any CPU
		{E46D86EC-AC61-43DD-9714-808F632B3EB8}.Debug|Any CPU.Build.0 = Debug|Any CPU
		{E46D86EC-AC61-43DD-9714-808F632B3EB8}.Release|Any CPU.ActiveCfg = Release|Any CPU
		{E46D86EC-AC61-43DD-9714-808F632B3EB8}.Release|Any CPU.Build.0 = Release|Any CPU
		{F5142770-67BA-41DE-A7C4-91BB0A6617C5}.Debug|Any CPU.ActiveCfg = Debug|Any CPU
		{F5142770-67BA-41DE-A7C4-91BB0A6617C5}.Debug|Any CPU.Build.0 = Debug|Any CPU
		{F5142770-67BA-41DE-A7C4-91BB0A6617C5}.Release|Any CPU.ActiveCfg = Release|Any CPU
		{F5142770-67BA-41DE-A7C4-91BB0A6617C5}.Release|Any CPU.Build.0 = Release|Any CPU
	EndGlobalSection
	GlobalSection(SolutionProperties) = preSolution
		HideSolutionNode = FALSE
	EndGlobalSection
	GlobalSection(NestedProjects) = preSolution
		{3887F6FD-D308-4D9A-A69A-FC11A700A531} = {A4CB4090-B94F-4974-8B31-D573CA2692D2}
		{5F9857A8-386C-4278-BD71-2EBDEF02F638} = {D65764D7-B9FC-4BBA-88D9-E56C628D6944}
		{A12E057C-123C-477E-9518-072FD49B2A96} = {7AF13C87-1C75-4177-8E58-EE716BA80C45}
		{E46D86EC-AC61-43DD-9714-808F632B3EB8} = {501DC443-1E38-404D-BAC4-1923F1C8C2FB}
		{F5142770-67BA-41DE-A7C4-91BB0A6617C5} = {84CD2AD7-FD20-4794-A447-46207DD85D24}
	EndGlobalSection
	GlobalSection(ExtensibilityGlobals) = postSolution
		SolutionGuid = {957F7302-E268-4767-80AB-7E45815CD867}
	EndGlobalSection
EndGlobal
